
Microsoft Visual Studio Solution File, Format Version 12.00
# Visual Studio Version 16
VisualStudioVersion = 16.0.28822.285
MinimumVisualStudioVersion = 10.0.40219.1
Project("{FAE04EC0-301F-11D3-BF4B-00C04F79EFBC}") = "ReactPortfolio", "ReactPortfolio.csproj", "{F280F23A-C8BA-42A1-9BBF-65A0DD60598C}"
EndProject
Global
	GlobalSection(SolutionConfigurationPlatforms) = preSolution
		Debug|Any CPU = Debug|Any CPU
		Release|Any CPU = Release|Any CPU
	EndGlobalSection
	GlobalSection(ProjectConfigurationPlatforms) = postSolution
		{F280F23A-C8BA-42A1-9BBF-65A0DD60598C}.Debug|Any CPU.ActiveCfg = Debug|Any CPU
		{F280F23A-C8BA-42A1-9BBF-65A0DD60598C}.Debug|Any CPU.Build.0 = Debug|Any CPU
		{F280F23A-C8BA-42A1-9BBF-65A0DD60598C}.Release|Any CPU.ActiveCfg = Release|Any CPU
		{F280F23A-C8BA-42A1-9BBF-65A0DD60598C}.Release|Any CPU.Build.0 = Release|Any CPU
	EndGlobalSection
	GlobalSection(SolutionProperties) = preSolution
		HideSolutionNode = FALSE
	EndGlobalSection
	GlobalSection(ExtensibilityGlobals) = postSolution
		SolutionGuid = {EB019F2C-7231-421B-A776-A74FEB603CD7}
	EndGlobalSection
EndGlobal
